// !$*UTF8*$!
{
	archiveVersion = 1;
	classes = {
	};
	objectVersion = 51;
	objects = {

/* Begin PBXBuildFile section */
		0CA28BC49578B5880539CB31 /* Pods_ios_Technical_Test.framework in Frameworks */ = {isa = PBXBuildFile; fileRef = 9F21335818597F7762C18028 /* Pods_ios_Technical_Test.framework */; };
		14013C4725611BE90047F140 /* AuthManagerTest.swift in Sources */ = {isa = PBXBuildFile; fileRef = 14013C4625611BE90047F140 /* AuthManagerTest.swift */; };
		142189AA255EC97800C99FD0 /* Colors.swift in Sources */ = {isa = PBXBuildFile; fileRef = 142189A5255EC97700C99FD0 /* Colors.swift */; };
		142189AB255EC97800C99FD0 /* Images.swift in Sources */ = {isa = PBXBuildFile; fileRef = 142189A6255EC97700C99FD0 /* Images.swift */; };
		142189AC255EC97800C99FD0 /* Fonts.swift in Sources */ = {isa = PBXBuildFile; fileRef = 142189A7255EC97700C99FD0 /* Fonts.swift */; };
		142189AD255EC97800C99FD0 /* Scenes.swift in Sources */ = {isa = PBXBuildFile; fileRef = 142189A8255EC97800C99FD0 /* Scenes.swift */; };
		142189AE255EC97800C99FD0 /* Strings.swift in Sources */ = {isa = PBXBuildFile; fileRef = 142189A9255EC97800C99FD0 /* Strings.swift */; };
		142189B8255EC9A300C99FD0 /* Localizable.strings in Resources */ = {isa = PBXBuildFile; fileRef = 142189B3255EC9A300C99FD0 /* Localizable.strings */; };
		142189B9255EC9A300C99FD0 /* Localizable.strings in Resources */ = {isa = PBXBuildFile; fileRef = 142189B6255EC9A300C99FD0 /* Localizable.strings */; };
		142189BE255EC9B400C99FD0 /* Colors.json in Resources */ = {isa = PBXBuildFile; fileRef = 142189BD255EC9B400C99FD0 /* Colors.json */; };
		146CB86425612A17006BD6EC /* GenericAlertsViewControllerTests.swift in Sources */ = {isa = PBXBuildFile; fileRef = 146CB86325612A17006BD6EC /* GenericAlertsViewControllerTests.swift */; };
		146CB8832561475F006BD6EC /* MockStorageManager.swift in Sources */ = {isa = PBXBuildFile; fileRef = 146CB8822561475F006BD6EC /* MockStorageManager.swift */; };
		146CB88B25614778006BD6EC /* MockRemoteManager.swift in Sources */ = {isa = PBXBuildFile; fileRef = 146CB88A25614778006BD6EC /* MockRemoteManager.swift */; };
		146CB890256147A8006BD6EC /* TVShow+Mock.swift in Sources */ = {isa = PBXBuildFile; fileRef = 146CB88F256147A8006BD6EC /* TVShow+Mock.swift */; };
		146CB8A72561494F006BD6EC /* RouterTests.swift in Sources */ = {isa = PBXBuildFile; fileRef = 146CB8A62561494F006BD6EC /* RouterTests.swift */; };
		146CB8B525614AE2006BD6EC /* ListViewControllerTests.swift in Sources */ = {isa = PBXBuildFile; fileRef = 146CB8B425614AE2006BD6EC /* ListViewControllerTests.swift */; };
		146CB8BC25614C92006BD6EC /* TVShowResultCollectionCelTVShowTests.swift in Sources */ = {isa = PBXBuildFile; fileRef = 146CB8BB25614C92006BD6EC /* TVShowResultCollectionCelTVShowTests.swift */; };
		146CB8C525614D8F006BD6EC /* TVShowEmptyViewTests.swift in Sources */ = {isa = PBXBuildFile; fileRef = 146CB8C425614D8F006BD6EC /* TVShowEmptyViewTests.swift */; };
		146CB8D225614E62006BD6EC /* BaseEmptyView.xib in Resources */ = {isa = PBXBuildFile; fileRef = 146CB8D125614E62006BD6EC /* BaseEmptyView.xib */; };
		146CB8E12561516F006BD6EC /* BaseEmptyView.swift in Sources */ = {isa = PBXBuildFile; fileRef = 146CB8D92561508C006BD6EC /* BaseEmptyView.swift */; };
		146CB8F92561550A006BD6EC /* Codable+ExtensionTests.swift in Sources */ = {isa = PBXBuildFile; fileRef = 146CB8F72561550A006BD6EC /* Codable+ExtensionTests.swift */; };
		146CB8FA2561550A006BD6EC /* CoreLog+ProfessionalsTests.swift in Sources */ = {isa = PBXBuildFile; fileRef = 146CB8F82561550A006BD6EC /* CoreLog+ProfessionalsTests.swift */; };
		146CB903256172E7006BD6EC /* StorageManagerTests.swift in Sources */ = {isa = PBXBuildFile; fileRef = 146CB902256172E7006BD6EC /* StorageManagerTests.swift */; };
		146CB92725617A97006BD6EC /* ListUseCaseTests.swift in Sources */ = {isa = PBXBuildFile; fileRef = 146CB92625617A97006BD6EC /* ListUseCaseTests.swift */; };
		146CB92F25617AB1006BD6EC /* ListPresenterTests.swift in Sources */ = {isa = PBXBuildFile; fileRef = 146CB92E25617AB1006BD6EC /* ListPresenterTests.swift */; };
		146CB93725617D15006BD6EC /* TVShowModelTest.swift in Sources */ = {isa = PBXBuildFile; fileRef = 146CB93625617D15006BD6EC /* TVShowModelTest.swift */; };
		146CB94025617F6C006BD6EC /* TestConstants.swift in Sources */ = {isa = PBXBuildFile; fileRef = 146CB93F25617F6C006BD6EC /* TestConstants.swift */; };
		146CB95625618D16006BD6EC /* ResultTableViewCell.xib in Resources */ = {isa = PBXBuildFile; fileRef = 146CB95525618D16006BD6EC /* ResultTableViewCell.xib */; };
		146CE98D25604B77005802FA /* Codable-Decodable+Extension.swift in Sources */ = {isa = PBXBuildFile; fileRef = 146CE97925604B76005802FA /* Codable-Decodable+Extension.swift */; };
		146CE98E25604B77005802FA /* UIViewController+Extension.swift in Sources */ = {isa = PBXBuildFile; fileRef = 146CE97A25604B76005802FA /* UIViewController+Extension.swift */; };
		146CE98F25604B77005802FA /* UIViewr+Extensions.swift in Sources */ = {isa = PBXBuildFile; fileRef = 146CE97B25604B76005802FA /* UIViewr+Extensions.swift */; };
		146CE99025604B77005802FA /* StorageManager.swift in Sources */ = {isa = PBXBuildFile; fileRef = 146CE97D25604B76005802FA /* StorageManager.swift */; };
		146CE99125604B77005802FA /* CryptoKitStorageManager.swift in Sources */ = {isa = PBXBuildFile; fileRef = 146CE97E25604B76005802FA /* CryptoKitStorageManager.swift */; };
		146CE9A825604C7C005802FA /* DetailViewController.swift in Sources */ = {isa = PBXBuildFile; fileRef = 146CE9A725604C7C005802FA /* DetailViewController.swift */; };
		146CE9B625604CE6005802FA /* RemoteConfiguration.swift in Sources */ = {isa = PBXBuildFile; fileRef = 146CE9B225604CE6005802FA /* RemoteConfiguration.swift */; };
		146CE9B725604CE6005802FA /* HttpStatusCode.swift in Sources */ = {isa = PBXBuildFile; fileRef = 146CE9B425604CE6005802FA /* HttpStatusCode.swift */; };
		146CE9B825604CE6005802FA /* RemoteManager.swift in Sources */ = {isa = PBXBuildFile; fileRef = 146CE9B525604CE6005802FA /* RemoteManager.swift */; };
		146CE9C125604D18005802FA /* AuthConfiguration.swift in Sources */ = {isa = PBXBuildFile; fileRef = 146CE9C025604D18005802FA /* AuthConfiguration.swift */; };
		146CE9C725604D53005802FA /* TypeAliases.swift in Sources */ = {isa = PBXBuildFile; fileRef = 146CE9C625604D53005802FA /* TypeAliases.swift */; };
		146CE9D025604D96005802FA /* BaseError.swift in Sources */ = {isa = PBXBuildFile; fileRef = 146CE9CF25604D96005802FA /* BaseError.swift */; };
		146CE9DE25604DFD005802FA /* CoreLog.swift in Sources */ = {isa = PBXBuildFile; fileRef = 146CE9DD25604DFD005802FA /* CoreLog.swift */; };
		146CE9E625604F36005802FA /* CoreLog+Extension.swift in Sources */ = {isa = PBXBuildFile; fileRef = 146CE9E525604F36005802FA /* CoreLog+Extension.swift */; };
		146CE9EB25605134005802FA /* ErrorManager.swift in Sources */ = {isa = PBXBuildFile; fileRef = 146CE9EA25605134005802FA /* ErrorManager.swift */; };
		146CE9F025605177005802FA /* NotificationsError+Extension.swift in Sources */ = {isa = PBXBuildFile; fileRef = 146CE9EF25605177005802FA /* NotificationsError+Extension.swift */; };
		146CE9F9256053BF005802FA /* Nib+Extension.swift in Sources */ = {isa = PBXBuildFile; fileRef = 146CE9F8256053BE005802FA /* Nib+Extension.swift */; };
		146CEA0E2560548D005802FA /* BaseViewController.swift in Sources */ = {isa = PBXBuildFile; fileRef = 146CEA0D2560548D005802FA /* BaseViewController.swift */; };
		146CEA3525605DA4005802FA /* ResultTableViewCell.swift in Sources */ = {isa = PBXBuildFile; fileRef = 146CEA3425605DA4005802FA /* ResultTableViewCell.swift */; };
		146CEA5C25605F90005802FA /* TVShowModel.swift in Sources */ = {isa = PBXBuildFile; fileRef = 146CEA5B25605F90005802FA /* TVShowModel.swift */; };
		146CEA6E2560647B005802FA /* ListAssembly.swift in Sources */ = {isa = PBXBuildFile; fileRef = 146CEA6D2560647B005802FA /* ListAssembly.swift */; };
		146CEA73256064A7005802FA /* ListPresenter.swift in Sources */ = {isa = PBXBuildFile; fileRef = 146CEA72256064A7005802FA /* ListPresenter.swift */; };
		146CEA78256064B5005802FA /* ListUseCase.swift in Sources */ = {isa = PBXBuildFile; fileRef = 146CEA77256064B5005802FA /* ListUseCase.swift */; };
		146CEA7E2560655F005802FA /* ListRepository.swift in Sources */ = {isa = PBXBuildFile; fileRef = 146CEA7D2560655F005802FA /* ListRepository.swift */; };
		146CEA87256084F5005802FA /* Endpoints.swift in Sources */ = {isa = PBXBuildFile; fileRef = 146CEA86256084F5005802FA /* Endpoints.swift */; };
		146CEA9625608882005802FA /* Router.swift in Sources */ = {isa = PBXBuildFile; fileRef = 146CEA9525608882005802FA /* Router.swift */; };
		146CEA9B256088BF005802FA /* SwinjectStoryboardExtension.swift in Sources */ = {isa = PBXBuildFile; fileRef = 146CEA9A256088BF005802FA /* SwinjectStoryboardExtension.swift */; };
		146CEAA325608902005802FA /* SwinjectAssembler.swift in Sources */ = {isa = PBXBuildFile; fileRef = 146CEAA225608902005802FA /* SwinjectAssembler.swift */; };
		146CEAA92560892A005802FA /* CommonAssembly.swift in Sources */ = {isa = PBXBuildFile; fileRef = 146CEAA82560892A005802FA /* CommonAssembly.swift */; };
		14AB9D5B25603EF4009F3A51 /* Gothamrnd-Medium.otf in Resources */ = {isa = PBXBuildFile; fileRef = 14AB9D5725603EF4009F3A51 /* Gothamrnd-Medium.otf */; };
		14AB9D5C25603EF4009F3A51 /* Gothamrnd-Light.otf in Resources */ = {isa = PBXBuildFile; fileRef = 14AB9D5825603EF4009F3A51 /* Gothamrnd-Light.otf */; };
		14AB9D5D25603EF4009F3A51 /* Gothamrnd-Bold.otf in Resources */ = {isa = PBXBuildFile; fileRef = 14AB9D5925603EF4009F3A51 /* Gothamrnd-Bold.otf */; };
		14AB9D5E25603EF4009F3A51 /* Gothamrnd-Book.otf in Resources */ = {isa = PBXBuildFile; fileRef = 14AB9D5A25603EF4009F3A51 /* Gothamrnd-Book.otf */; };
		14AB9D6E25603FD3009F3A51 /* List.storyboard in Resources */ = {isa = PBXBuildFile; fileRef = 14AB9D6D25603FD3009F3A51 /* List.storyboard */; };
		14AB9D7425603FDC009F3A51 /* LaunchScreen.storyboard in Resources */ = {isa = PBXBuildFile; fileRef = 14AB9D7225603FDC009F3A51 /* LaunchScreen.storyboard */; };
		14AB9D8125604094009F3A51 /* ListViewController.swift in Sources */ = {isa = PBXBuildFile; fileRef = 14AB9D8025604094009F3A51 /* ListViewController.swift */; };
		14D373B1255D9592006DAA65 /* AppDelegate.swift in Sources */ = {isa = PBXBuildFile; fileRef = 14D373B0255D9592006DAA65 /* AppDelegate.swift */; };
		14D373BA255D9593006DAA65 /* Assets.xcassets in Resources */ = {isa = PBXBuildFile; fileRef = 14D373B9255D9593006DAA65 /* Assets.xcassets */; };
		14D373C8255D9593006DAA65 /* Swinject+ListtTests.swift in Sources */ = {isa = PBXBuildFile; fileRef = 14D373C7255D9593006DAA65 /* Swinject+ListtTests.swift */; };
		14D373D3255D9593006DAA65 /* ios_Technical_TestUITests.swift in Sources */ = {isa = PBXBuildFile; fileRef = 14D373D2255D9593006DAA65 /* ios_Technical_TestUITests.swift */; };
		B9EE7F1DF0134BB76024B7E9 /* Pods_ios_Technical_TestUITests.framework in Frameworks */ = {isa = PBXBuildFile; fileRef = 1D3759C9A56D5C2478D8C8BE /* Pods_ios_Technical_TestUITests.framework */; };
		E89494AB4CB7B548988913CA /* Pods_ios_Technical_TestTests.framework in Frameworks */ = {isa = PBXBuildFile; fileRef = 1F03FD0522793B816EA6853B /* Pods_ios_Technical_TestTests.framework */; };
/* End PBXBuildFile section */

/* Begin PBXContainerItemProxy section */
		14D373C4255D9593006DAA65 /* PBXContainerItemProxy */ = {
			isa = PBXContainerItemProxy;
			containerPortal = 14D373A5255D9592006DAA65 /* Project object */;
			proxyType = 1;
			remoteGlobalIDString = 14D373AC255D9592006DAA65;
			remoteInfo = "ios-Technical-Test";
		};
		14D373CF255D9593006DAA65 /* PBXContainerItemProxy */ = {
			isa = PBXContainerItemProxy;
			containerPortal = 14D373A5255D9592006DAA65 /* Project object */;
			proxyType = 1;
			remoteGlobalIDString = 14D373AC255D9592006DAA65;
			remoteInfo = "ios-Technical-Test";
		};
/* End PBXContainerItemProxy section */

/* Begin PBXFileReference section */
		03BFCA31DF5ABAFD50433D34 /* Pods-ios-Technical-Test.debug.xcconfig */ = {isa = PBXFileReference; includeInIndex = 1; lastKnownFileType = text.xcconfig; name = "Pods-ios-Technical-Test.debug.xcconfig"; path = "Target Support Files/Pods-ios-Technical-Test/Pods-ios-Technical-Test.debug.xcconfig"; sourceTree = "<group>"; };
		0CB6EC72658A96DDDAE63556 /* Pods-ios-Technical-Test.release.xcconfig */ = {isa = PBXFileReference; includeInIndex = 1; lastKnownFileType = text.xcconfig; name = "Pods-ios-Technical-Test.release.xcconfig"; path = "Target Support Files/Pods-ios-Technical-Test/Pods-ios-Technical-Test.release.xcconfig"; sourceTree = "<group>"; };
		14013C4625611BE90047F140 /* AuthManagerTest.swift */ = {isa = PBXFileReference; lastKnownFileType = sourcecode.swift; path = AuthManagerTest.swift; sourceTree = "<group>"; };
		142189A5255EC97700C99FD0 /* Colors.swift */ = {isa = PBXFileReference; fileEncoding = 4; lastKnownFileType = sourcecode.swift; path = Colors.swift; sourceTree = "<group>"; };
		142189A6255EC97700C99FD0 /* Images.swift */ = {isa = PBXFileReference; fileEncoding = 4; lastKnownFileType = sourcecode.swift; path = Images.swift; sourceTree = "<group>"; };
		142189A7255EC97700C99FD0 /* Fonts.swift */ = {isa = PBXFileReference; fileEncoding = 4; lastKnownFileType = sourcecode.swift; path = Fonts.swift; sourceTree = "<group>"; };
		142189A8255EC97800C99FD0 /* Scenes.swift */ = {isa = PBXFileReference; fileEncoding = 4; lastKnownFileType = sourcecode.swift; path = Scenes.swift; sourceTree = "<group>"; };
		142189A9255EC97800C99FD0 /* Strings.swift */ = {isa = PBXFileReference; fileEncoding = 4; lastKnownFileType = sourcecode.swift; path = Strings.swift; sourceTree = "<group>"; };
		142189B4255EC9A300C99FD0 /* en */ = {isa = PBXFileReference; lastKnownFileType = text.plist.strings; name = en; path = Localizable.strings; sourceTree = "<group>"; };
		142189B7255EC9A300C99FD0 /* es */ = {isa = PBXFileReference; lastKnownFileType = text.plist.strings; name = es; path = Localizable.strings; sourceTree = "<group>"; };
		142189BD255EC9B400C99FD0 /* Colors.json */ = {isa = PBXFileReference; fileEncoding = 4; lastKnownFileType = text.json; path = Colors.json; sourceTree = "<group>"; };
		146CB86325612A17006BD6EC /* GenericAlertsViewControllerTests.swift */ = {isa = PBXFileReference; lastKnownFileType = sourcecode.swift; path = GenericAlertsViewControllerTests.swift; sourceTree = "<group>"; };
		146CB8822561475F006BD6EC /* MockStorageManager.swift */ = {isa = PBXFileReference; lastKnownFileType = sourcecode.swift; name = MockStorageManager.swift; path = "ios-Technical-TestTests/Source/SnapShots/GenericAlerts/MockStorageManager.swift"; sourceTree = SOURCE_ROOT; };
		146CB88A25614778006BD6EC /* MockRemoteManager.swift */ = {isa = PBXFileReference; lastKnownFileType = sourcecode.swift; name = MockRemoteManager.swift; path = "ios-Technical-TestTests/Source/SnapShots/GenericAlerts/MockRemoteManager.swift"; sourceTree = SOURCE_ROOT; };
		146CB88F256147A8006BD6EC /* TVShow+Mock.swift */ = {isa = PBXFileReference; lastKnownFileType = sourcecode.swift; name = "TVShow+Mock.swift"; path = "ios-Technical-TestTests/Source/SnapShots/GenericAlerts/TVShow+Mock.swift"; sourceTree = SOURCE_ROOT; };
		146CB8A62561494F006BD6EC /* RouterTests.swift */ = {isa = PBXFileReference; lastKnownFileType = sourcecode.swift; path = RouterTests.swift; sourceTree = "<group>"; };
		146CB8B425614AE2006BD6EC /* ListViewControllerTests.swift */ = {isa = PBXFileReference; lastKnownFileType = sourcecode.swift; path = ListViewControllerTests.swift; sourceTree = "<group>"; };
		146CB8BB25614C92006BD6EC /* TVShowResultCollectionCelTVShowTests.swift */ = {isa = PBXFileReference; lastKnownFileType = sourcecode.swift; path = TVShowResultCollectionCelTVShowTests.swift; sourceTree = "<group>"; };
		146CB8C425614D8F006BD6EC /* TVShowEmptyViewTests.swift */ = {isa = PBXFileReference; lastKnownFileType = sourcecode.swift; path = TVShowEmptyViewTests.swift; sourceTree = "<group>"; };
		146CB8D125614E62006BD6EC /* BaseEmptyView.xib */ = {isa = PBXFileReference; fileEncoding = 4; lastKnownFileType = file.xib; path = BaseEmptyView.xib; sourceTree = "<group>"; };
		146CB8D92561508C006BD6EC /* BaseEmptyView.swift */ = {isa = PBXFileReference; lastKnownFileType = sourcecode.swift; path = BaseEmptyView.swift; sourceTree = "<group>"; };
		146CB8F72561550A006BD6EC /* Codable+ExtensionTests.swift */ = {isa = PBXFileReference; fileEncoding = 4; lastKnownFileType = sourcecode.swift; path = "Codable+ExtensionTests.swift"; sourceTree = "<group>"; };
		146CB8F82561550A006BD6EC /* CoreLog+ProfessionalsTests.swift */ = {isa = PBXFileReference; fileEncoding = 4; lastKnownFileType = sourcecode.swift; path = "CoreLog+ProfessionalsTests.swift"; sourceTree = "<group>"; };
		146CB902256172E7006BD6EC /* StorageManagerTests.swift */ = {isa = PBXFileReference; lastKnownFileType = sourcecode.swift; path = StorageManagerTests.swift; sourceTree = "<group>"; };
		146CB92625617A97006BD6EC /* ListUseCaseTests.swift */ = {isa = PBXFileReference; lastKnownFileType = sourcecode.swift; path = ListUseCaseTests.swift; sourceTree = "<group>"; };
		146CB92E25617AB1006BD6EC /* ListPresenterTests.swift */ = {isa = PBXFileReference; lastKnownFileType = sourcecode.swift; path = ListPresenterTests.swift; sourceTree = "<group>"; };
		146CB93625617D15006BD6EC /* TVShowModelTest.swift */ = {isa = PBXFileReference; lastKnownFileType = sourcecode.swift; path = TVShowModelTest.swift; sourceTree = "<group>"; };
		146CB93F25617F6C006BD6EC /* TestConstants.swift */ = {isa = PBXFileReference; lastKnownFileType = sourcecode.swift; path = TestConstants.swift; sourceTree = "<group>"; };
		146CB95525618D16006BD6EC /* ResultTableViewCell.xib */ = {isa = PBXFileReference; fileEncoding = 4; lastKnownFileType = file.xib; path = ResultTableViewCell.xib; sourceTree = "<group>"; };
		146CE97925604B76005802FA /* Codable-Decodable+Extension.swift */ = {isa = PBXFileReference; fileEncoding = 4; lastKnownFileType = sourcecode.swift; path = "Codable-Decodable+Extension.swift"; sourceTree = "<group>"; };
		146CE97A25604B76005802FA /* UIViewController+Extension.swift */ = {isa = PBXFileReference; fileEncoding = 4; lastKnownFileType = sourcecode.swift; path = "UIViewController+Extension.swift"; sourceTree = "<group>"; };
		146CE97B25604B76005802FA /* UIViewr+Extensions.swift */ = {isa = PBXFileReference; fileEncoding = 4; lastKnownFileType = sourcecode.swift; path = "UIViewr+Extensions.swift"; sourceTree = "<group>"; };
		146CE97D25604B76005802FA /* StorageManager.swift */ = {isa = PBXFileReference; fileEncoding = 4; lastKnownFileType = sourcecode.swift; path = StorageManager.swift; sourceTree = "<group>"; };
		146CE97E25604B76005802FA /* CryptoKitStorageManager.swift */ = {isa = PBXFileReference; fileEncoding = 4; lastKnownFileType = sourcecode.swift; path = CryptoKitStorageManager.swift; sourceTree = "<group>"; };
		146CE9A725604C7C005802FA /* DetailViewController.swift */ = {isa = PBXFileReference; lastKnownFileType = sourcecode.swift; path = DetailViewController.swift; sourceTree = "<group>"; };
		146CE9B225604CE6005802FA /* RemoteConfiguration.swift */ = {isa = PBXFileReference; fileEncoding = 4; lastKnownFileType = sourcecode.swift; path = RemoteConfiguration.swift; sourceTree = "<group>"; };
		146CE9B425604CE6005802FA /* HttpStatusCode.swift */ = {isa = PBXFileReference; fileEncoding = 4; lastKnownFileType = sourcecode.swift; path = HttpStatusCode.swift; sourceTree = "<group>"; };
		146CE9B525604CE6005802FA /* RemoteManager.swift */ = {isa = PBXFileReference; fileEncoding = 4; lastKnownFileType = sourcecode.swift; path = RemoteManager.swift; sourceTree = "<group>"; };
		146CE9C025604D18005802FA /* AuthConfiguration.swift */ = {isa = PBXFileReference; lastKnownFileType = sourcecode.swift; path = AuthConfiguration.swift; sourceTree = "<group>"; };
		146CE9C625604D53005802FA /* TypeAliases.swift */ = {isa = PBXFileReference; lastKnownFileType = sourcecode.swift; path = TypeAliases.swift; sourceTree = "<group>"; };
		146CE9CF25604D96005802FA /* BaseError.swift */ = {isa = PBXFileReference; lastKnownFileType = sourcecode.swift; path = BaseError.swift; sourceTree = "<group>"; };
		146CE9DD25604DFD005802FA /* CoreLog.swift */ = {isa = PBXFileReference; lastKnownFileType = sourcecode.swift; path = CoreLog.swift; sourceTree = "<group>"; };
		146CE9E525604F36005802FA /* CoreLog+Extension.swift */ = {isa = PBXFileReference; lastKnownFileType = sourcecode.swift; path = "CoreLog+Extension.swift"; sourceTree = "<group>"; };
		146CE9EA25605134005802FA /* ErrorManager.swift */ = {isa = PBXFileReference; lastKnownFileType = sourcecode.swift; path = ErrorManager.swift; sourceTree = "<group>"; };
		146CE9EF25605177005802FA /* NotificationsError+Extension.swift */ = {isa = PBXFileReference; lastKnownFileType = sourcecode.swift; path = "NotificationsError+Extension.swift"; sourceTree = "<group>"; };
		146CE9F8256053BE005802FA /* Nib+Extension.swift */ = {isa = PBXFileReference; lastKnownFileType = sourcecode.swift; path = "Nib+Extension.swift"; sourceTree = "<group>"; };
		146CEA0D2560548D005802FA /* BaseViewController.swift */ = {isa = PBXFileReference; lastKnownFileType = sourcecode.swift; path = BaseViewController.swift; sourceTree = "<group>"; };
		146CEA3425605DA4005802FA /* ResultTableViewCell.swift */ = {isa = PBXFileReference; lastKnownFileType = sourcecode.swift; path = ResultTableViewCell.swift; sourceTree = "<group>"; };
		146CEA5B25605F90005802FA /* TVShowModel.swift */ = {isa = PBXFileReference; lastKnownFileType = sourcecode.swift; path = TVShowModel.swift; sourceTree = "<group>"; };
		146CEA6D2560647B005802FA /* ListAssembly.swift */ = {isa = PBXFileReference; lastKnownFileType = sourcecode.swift; path = ListAssembly.swift; sourceTree = "<group>"; };
		146CEA72256064A7005802FA /* ListPresenter.swift */ = {isa = PBXFileReference; lastKnownFileType = sourcecode.swift; path = ListPresenter.swift; sourceTree = "<group>"; };
		146CEA77256064B5005802FA /* ListUseCase.swift */ = {isa = PBXFileReference; lastKnownFileType = sourcecode.swift; path = ListUseCase.swift; sourceTree = "<group>"; };
		146CEA7D2560655F005802FA /* ListRepository.swift */ = {isa = PBXFileReference; lastKnownFileType = sourcecode.swift; path = ListRepository.swift; sourceTree = "<group>"; };
		146CEA86256084F5005802FA /* Endpoints.swift */ = {isa = PBXFileReference; lastKnownFileType = sourcecode.swift; path = Endpoints.swift; sourceTree = "<group>"; };
		146CEA9525608882005802FA /* Router.swift */ = {isa = PBXFileReference; lastKnownFileType = sourcecode.swift; path = Router.swift; sourceTree = "<group>"; };
		146CEA9A256088BF005802FA /* SwinjectStoryboardExtension.swift */ = {isa = PBXFileReference; lastKnownFileType = sourcecode.swift; path = SwinjectStoryboardExtension.swift; sourceTree = "<group>"; };
		146CEAA225608902005802FA /* SwinjectAssembler.swift */ = {isa = PBXFileReference; lastKnownFileType = sourcecode.swift; path = SwinjectAssembler.swift; sourceTree = "<group>"; };
		146CEAA82560892A005802FA /* CommonAssembly.swift */ = {isa = PBXFileReference; lastKnownFileType = sourcecode.swift; path = CommonAssembly.swift; sourceTree = "<group>"; };
		14AB9D5725603EF4009F3A51 /* Gothamrnd-Medium.otf */ = {isa = PBXFileReference; lastKnownFileType = file; path = "Gothamrnd-Medium.otf"; sourceTree = "<group>"; };
		14AB9D5825603EF4009F3A51 /* Gothamrnd-Light.otf */ = {isa = PBXFileReference; lastKnownFileType = file; path = "Gothamrnd-Light.otf"; sourceTree = "<group>"; };
		14AB9D5925603EF4009F3A51 /* Gothamrnd-Bold.otf */ = {isa = PBXFileReference; lastKnownFileType = file; path = "Gothamrnd-Bold.otf"; sourceTree = "<group>"; };
		14AB9D5A25603EF4009F3A51 /* Gothamrnd-Book.otf */ = {isa = PBXFileReference; lastKnownFileType = file; path = "Gothamrnd-Book.otf"; sourceTree = "<group>"; };
		14AB9D6D25603FD3009F3A51 /* List.storyboard */ = {isa = PBXFileReference; fileEncoding = 4; lastKnownFileType = file.storyboard; path = List.storyboard; sourceTree = "<group>"; };
		14AB9D7325603FDC009F3A51 /* Base */ = {isa = PBXFileReference; lastKnownFileType = file.storyboard; name = Base; path = Base.lproj/LaunchScreen.storyboard; sourceTree = "<group>"; };
		14AB9D8025604094009F3A51 /* ListViewController.swift */ = {isa = PBXFileReference; fileEncoding = 4; lastKnownFileType = sourcecode.swift; path = ListViewController.swift; sourceTree = "<group>"; };
		14D373AD255D9592006DAA65 /* ios-Technical-Test.app */ = {isa = PBXFileReference; explicitFileType = wrapper.application; includeInIndex = 0; path = "ios-Technical-Test.app"; sourceTree = BUILT_PRODUCTS_DIR; };
		14D373B0255D9592006DAA65 /* AppDelegate.swift */ = {isa = PBXFileReference; lastKnownFileType = sourcecode.swift; path = AppDelegate.swift; sourceTree = "<group>"; };
		14D373B9255D9593006DAA65 /* Assets.xcassets */ = {isa = PBXFileReference; lastKnownFileType = folder.assetcatalog; path = Assets.xcassets; sourceTree = "<group>"; };
		14D373BE255D9593006DAA65 /* Info.plist */ = {isa = PBXFileReference; lastKnownFileType = text.plist.xml; path = Info.plist; sourceTree = "<group>"; };
		14D373C3255D9593006DAA65 /* ios-Technical-TestTests.xctest */ = {isa = PBXFileReference; explicitFileType = wrapper.cfbundle; includeInIndex = 0; path = "ios-Technical-TestTests.xctest"; sourceTree = BUILT_PRODUCTS_DIR; };
		14D373C7255D9593006DAA65 /* Swinject+ListtTests.swift */ = {isa = PBXFileReference; lastKnownFileType = sourcecode.swift; path = "Swinject+ListtTests.swift"; sourceTree = "<group>"; };
		14D373C9255D9593006DAA65 /* Info.plist */ = {isa = PBXFileReference; lastKnownFileType = text.plist.xml; path = Info.plist; sourceTree = "<group>"; };
		14D373CE255D9593006DAA65 /* ios-Technical-TestUITests.xctest */ = {isa = PBXFileReference; explicitFileType = wrapper.cfbundle; includeInIndex = 0; path = "ios-Technical-TestUITests.xctest"; sourceTree = BUILT_PRODUCTS_DIR; };
		14D373D2255D9593006DAA65 /* ios_Technical_TestUITests.swift */ = {isa = PBXFileReference; lastKnownFileType = sourcecode.swift; path = ios_Technical_TestUITests.swift; sourceTree = "<group>"; };
		14D373D4255D9593006DAA65 /* Info.plist */ = {isa = PBXFileReference; lastKnownFileType = text.plist.xml; path = Info.plist; sourceTree = "<group>"; };
		1D3759C9A56D5C2478D8C8BE /* Pods_ios_Technical_TestUITests.framework */ = {isa = PBXFileReference; explicitFileType = wrapper.framework; includeInIndex = 0; path = Pods_ios_Technical_TestUITests.framework; sourceTree = BUILT_PRODUCTS_DIR; };
		1F03FD0522793B816EA6853B /* Pods_ios_Technical_TestTests.framework */ = {isa = PBXFileReference; explicitFileType = wrapper.framework; includeInIndex = 0; path = Pods_ios_Technical_TestTests.framework; sourceTree = BUILT_PRODUCTS_DIR; };
		4104012457A0CF15B2DD5C72 /* Pods-ios-Technical-TestUITests.debug.xcconfig */ = {isa = PBXFileReference; includeInIndex = 1; lastKnownFileType = text.xcconfig; name = "Pods-ios-Technical-TestUITests.debug.xcconfig"; path = "Target Support Files/Pods-ios-Technical-TestUITests/Pods-ios-Technical-TestUITests.debug.xcconfig"; sourceTree = "<group>"; };
		5A5B4A875D60B658E96398B3 /* Pods-ios-Technical-TestUITests.release.xcconfig */ = {isa = PBXFileReference; includeInIndex = 1; lastKnownFileType = text.xcconfig; name = "Pods-ios-Technical-TestUITests.release.xcconfig"; path = "Target Support Files/Pods-ios-Technical-TestUITests/Pods-ios-Technical-TestUITests.release.xcconfig"; sourceTree = "<group>"; };
		894C78A88F70725BFC16827D /* Pods-ios-Technical-TestTests.debug.xcconfig */ = {isa = PBXFileReference; includeInIndex = 1; lastKnownFileType = text.xcconfig; name = "Pods-ios-Technical-TestTests.debug.xcconfig"; path = "Target Support Files/Pods-ios-Technical-TestTests/Pods-ios-Technical-TestTests.debug.xcconfig"; sourceTree = "<group>"; };
		9F21335818597F7762C18028 /* Pods_ios_Technical_Test.framework */ = {isa = PBXFileReference; explicitFileType = wrapper.framework; includeInIndex = 0; path = Pods_ios_Technical_Test.framework; sourceTree = BUILT_PRODUCTS_DIR; };
		9F35EC4F6AB57764FE9C38B6 /* Pods-ios-Technical-TestTests.release.xcconfig */ = {isa = PBXFileReference; includeInIndex = 1; lastKnownFileType = text.xcconfig; name = "Pods-ios-Technical-TestTests.release.xcconfig"; path = "Target Support Files/Pods-ios-Technical-TestTests/Pods-ios-Technical-TestTests.release.xcconfig"; sourceTree = "<group>"; };
/* End PBXFileReference section */

/* Begin PBXFrameworksBuildPhase section */
		14D373AA255D9592006DAA65 /* Frameworks */ = {
			isa = PBXFrameworksBuildPhase;
			buildActionMask = 2147483647;
			files = (
				0CA28BC49578B5880539CB31 /* Pods_ios_Technical_Test.framework in Frameworks */,
			);
			runOnlyForDeploymentPostprocessing = 0;
		};
		14D373C0255D9593006DAA65 /* Frameworks */ = {
			isa = PBXFrameworksBuildPhase;
			buildActionMask = 2147483647;
			files = (
				E89494AB4CB7B548988913CA /* Pods_ios_Technical_TestTests.framework in Frameworks */,
			);
			runOnlyForDeploymentPostprocessing = 0;
		};
		14D373CB255D9593006DAA65 /* Frameworks */ = {
			isa = PBXFrameworksBuildPhase;
			buildActionMask = 2147483647;
			files = (
				B9EE7F1DF0134BB76024B7E9 /* Pods_ios_Technical_TestUITests.framework in Frameworks */,
			);
			runOnlyForDeploymentPostprocessing = 0;
		};
/* End PBXFrameworksBuildPhase section */

/* Begin PBXGroup section */
		14013C19256114980047F140 /* Source */ = {
			isa = PBXGroup;
			children = (
				14013C44256117AD0047F140 /* SnapShots */,
				14013C1A256114A70047F140 /* Core */,
				14013C1B256114BA0047F140 /* Features */,
			);
			path = Source;
			sourceTree = "<group>";
		};
		14013C1A256114A70047F140 /* Core */ = {
			isa = PBXGroup;
			children = (
				146CB90125617248006BD6EC /* Storage */,
				146CB8F6256154F5006BD6EC /* Extension */,
				14013C45256117DA0047F140 /* Auth */,
			);
			path = Core;
			sourceTree = "<group>";
		};
		14013C1B256114BA0047F140 /* Features */ = {
			isa = PBXGroup;
			children = (
				14013C1C256114D00047F140 /* List */,
			);
			path = Features;
			sourceTree = "<group>";
		};
		14013C1C256114D00047F140 /* List */ = {
			isa = PBXGroup;
			children = (
				146CB919256177D8006BD6EC /* Model */,
				146CB91725617711006BD6EC /* Presenter */,
				146CB91625617706006BD6EC /* UseCase */,
				146CB915256176F7006BD6EC /* DI */,
			);
			path = List;
			sourceTree = "<group>";
		};
		14013C1D256115D50047F140 /* Resolver */ = {
			isa = PBXGroup;
			children = (
				146CEA9525608882005802FA /* Router.swift */,
				146CEA9A256088BF005802FA /* SwinjectStoryboardExtension.swift */,
				146CEAA225608902005802FA /* SwinjectAssembler.swift */,
				146CEAA82560892A005802FA /* CommonAssembly.swift */,
			);
			path = Resolver;
			sourceTree = "<group>";
		};
		14013C422561173A0047F140 /* AppDelegate */ = {
			isa = PBXGroup;
			children = (
				14D373B0255D9592006DAA65 /* AppDelegate.swift */,
			);
			path = AppDelegate;
			sourceTree = "<group>";
		};
		14013C432561176D0047F140 /* Model */ = {
			isa = PBXGroup;
			children = (
				146CB88F256147A8006BD6EC /* TVShow+Mock.swift */,
			);
			path = Model;
			sourceTree = "<group>";
		};
		14013C44256117AD0047F140 /* SnapShots */ = {
			isa = PBXGroup;
			children = (
				146CB8B925614C61006BD6EC /* Xib */,
				146CB861256129EC006BD6EC /* Detail */,
				146CB85F256129DD006BD6EC /* GenericAlerts */,
				146CB860256129E3006BD6EC /* List */,
			);
			path = SnapShots;
			sourceTree = "<group>";
		};
		14013C45256117DA0047F140 /* Auth */ = {
			isa = PBXGroup;
			children = (
				14013C4625611BE90047F140 /* AuthManagerTest.swift */,
			);
			path = Auth;
			sourceTree = "<group>";
		};
		1421898C255EBC9E00C99FD0 /* Source */ = {
			isa = PBXGroup;
			children = (
				14218992255EBD4200C99FD0 /* Core */,
				14013C1D256115D50047F140 /* Resolver */,
				1421898F255EBCEB00C99FD0 /* Features */,
			);
			path = Source;
			sourceTree = "<group>";
		};
		1421898D255EBCB600C99FD0 /* Resources */ = {
			isa = PBXGroup;
			children = (
				14218996255EBD8700C99FD0 /* Fonts */,
				14218995255EBD7E00C99FD0 /* Scenes */,
				142189A2255EC93F00C99FD0 /* SwiftGen */,
			);
			path = Resources;
			sourceTree = "<group>";
		};
		1421898F255EBCEB00C99FD0 /* Features */ = {
			isa = PBXGroup;
			children = (
				14218990255EBCFB00C99FD0 /* List */,
				146CE9A625604C6C005802FA /* Detail */,
			);
			path = Features;
			sourceTree = "<group>";
		};
		14218990255EBCFB00C99FD0 /* List */ = {
			isa = PBXGroup;
			children = (
				146CEA7C25606550005802FA /* Repository */,
				146CEA3125605D6F005802FA /* DI */,
				146CEA3025605D63005802FA /* Model */,
				146CEA2F25605D5C005802FA /* UseCase */,
				146CEA2E25605D53005802FA /* Presenter */,
				146CEA2C25605D3E005802FA /* View */,
			);
			path = List;
			sourceTree = "<group>";
		};
		14218992255EBD4200C99FD0 /* Core */ = {
			isa = PBXGroup;
			children = (
				146CE9C525604D46005802FA /* Alias */,
				146CE9BF25604D04005802FA /* Auth */,
				146CEA0C2560546D005802FA /* BaseView */,
				146CB93E25617F50006BD6EC /* Common */,
				146CE9DC25604DED005802FA /* CoreLoging */,
				146CEA85256084E5005802FA /* Endpoints */,
				146CE9CE25604D74005802FA /* ErrorManager */,
				146CE97825604B76005802FA /* Extensions */,
				146CE98425604B77005802FA /* Remote */,
				146CE97C25604B76005802FA /* Storage */,
			);
			path = Core;
			sourceTree = "<group>";
		};
		14218995255EBD7E00C99FD0 /* Scenes */ = {
			isa = PBXGroup;
			children = (
				146CB8D125614E62006BD6EC /* BaseEmptyView.xib */,
				14AB9D7225603FDC009F3A51 /* LaunchScreen.storyboard */,
				14AB9D6D25603FD3009F3A51 /* List.storyboard */,
				146CB95525618D16006BD6EC /* ResultTableViewCell.xib */,
			);
			path = Scenes;
			sourceTree = "<group>";
		};
		14218996255EBD8700C99FD0 /* Fonts */ = {
			isa = PBXGroup;
			children = (
				14AB9D5925603EF4009F3A51 /* Gothamrnd-Bold.otf */,
				14AB9D5A25603EF4009F3A51 /* Gothamrnd-Book.otf */,
				14AB9D5825603EF4009F3A51 /* Gothamrnd-Light.otf */,
				14AB9D5725603EF4009F3A51 /* Gothamrnd-Medium.otf */,
			);
			path = Fonts;
			sourceTree = "<group>";
		};
		142189A2255EC93F00C99FD0 /* SwiftGen */ = {
			isa = PBXGroup;
			children = (
				142189A3255EC94700C99FD0 /* Generated */,
				142189A4255EC95800C99FD0 /* Resources */,
			);
			path = SwiftGen;
			sourceTree = "<group>";
		};
		142189A3255EC94700C99FD0 /* Generated */ = {
			isa = PBXGroup;
			children = (
				142189A5255EC97700C99FD0 /* Colors.swift */,
				142189A7255EC97700C99FD0 /* Fonts.swift */,
				142189A6255EC97700C99FD0 /* Images.swift */,
				142189A8255EC97800C99FD0 /* Scenes.swift */,
				142189A9255EC97800C99FD0 /* Strings.swift */,
			);
			path = Generated;
			sourceTree = "<group>";
		};
		142189A4255EC95800C99FD0 /* Resources */ = {
			isa = PBXGroup;
			children = (
				14D373B9255D9593006DAA65 /* Assets.xcassets */,
				142189BD255EC9B400C99FD0 /* Colors.json */,
				142189B2255EC9A300C99FD0 /* en.lproj */,
				142189B5255EC9A300C99FD0 /* es.lproj */,
			);
			path = Resources;
			sourceTree = "<group>";
		};
		142189B2255EC9A300C99FD0 /* en.lproj */ = {
			isa = PBXGroup;
			children = (
				142189B3255EC9A300C99FD0 /* Localizable.strings */,
			);
			path = en.lproj;
			sourceTree = "<group>";
		};
		142189B5255EC9A300C99FD0 /* es.lproj */ = {
			isa = PBXGroup;
			children = (
				142189B6255EC9A300C99FD0 /* Localizable.strings */,
			);
			path = es.lproj;
			sourceTree = "<group>";
		};
		146CB85F256129DD006BD6EC /* GenericAlerts */ = {
			isa = PBXGroup;
			children = (
				146CB86325612A17006BD6EC /* GenericAlertsViewControllerTests.swift */,
			);
			path = GenericAlerts;
			sourceTree = "<group>";
		};
		146CB860256129E3006BD6EC /* List */ = {
			isa = PBXGroup;
			children = (
				146CB8B425614AE2006BD6EC /* ListViewControllerTests.swift */,
			);
			path = List;
			sourceTree = "<group>";
		};
		146CB861256129EC006BD6EC /* Detail */ = {
			isa = PBXGroup;
			children = (
			);
			path = Detail;
			sourceTree = "<group>";
		};
		146CB87F2561471A006BD6EC /* Remote */ = {
			isa = PBXGroup;
			children = (
				146CB88A25614778006BD6EC /* MockRemoteManager.swift */,
			);
			path = Remote;
			sourceTree = "<group>";
		};
		146CB88025614720006BD6EC /* Storage */ = {
			isa = PBXGroup;
			children = (
				146CB8822561475F006BD6EC /* MockStorageManager.swift */,
			);
			path = Storage;
			sourceTree = "<group>";
		};
		146CB88125614744006BD6EC /* Mocks */ = {
			isa = PBXGroup;
			children = (
				146CB88025614720006BD6EC /* Storage */,
				146CB87F2561471A006BD6EC /* Remote */,
				14013C432561176D0047F140 /* Model */,
			);
			path = Mocks;
			sourceTree = "<group>";
		};
		146CB8A52561490A006BD6EC /* Router */ = {
			isa = PBXGroup;
			children = (
				146CB8A62561494F006BD6EC /* RouterTests.swift */,
			);
			path = Router;
			sourceTree = "<group>";
		};
		146CB8B925614C61006BD6EC /* Xib */ = {
			isa = PBXGroup;
			children = (
				146CB8C325614D77006BD6EC /* EmtpyView */,
				146CB8BA25614C69006BD6EC /* List */,
			);
			path = Xib;
			sourceTree = "<group>";
		};
		146CB8BA25614C69006BD6EC /* List */ = {
			isa = PBXGroup;
			children = (
				146CB8BB25614C92006BD6EC /* TVShowResultCollectionCelTVShowTests.swift */,
			);
			path = List;
			sourceTree = "<group>";
		};
		146CB8C325614D77006BD6EC /* EmtpyView */ = {
			isa = PBXGroup;
			children = (
				146CB8C425614D8F006BD6EC /* TVShowEmptyViewTests.swift */,
			);
			path = EmtpyView;
			sourceTree = "<group>";
		};
		146CB8F6256154F5006BD6EC /* Extension */ = {
			isa = PBXGroup;
			children = (
				146CB8F72561550A006BD6EC /* Codable+ExtensionTests.swift */,
				146CB8F82561550A006BD6EC /* CoreLog+ProfessionalsTests.swift */,
			);
			path = Extension;
			sourceTree = "<group>";
		};
		146CB90125617248006BD6EC /* Storage */ = {
			isa = PBXGroup;
			children = (
				146CB902256172E7006BD6EC /* StorageManagerTests.swift */,
			);
			path = Storage;
			sourceTree = "<group>";
		};
		146CB915256176F7006BD6EC /* DI */ = {
			isa = PBXGroup;
			children = (
				14D373C7255D9593006DAA65 /* Swinject+ListtTests.swift */,
			);
			path = DI;
			sourceTree = "<group>";
		};
		146CB91625617706006BD6EC /* UseCase */ = {
			isa = PBXGroup;
			children = (
				146CB92625617A97006BD6EC /* ListUseCaseTests.swift */,
			);
			path = UseCase;
			sourceTree = "<group>";
		};
		146CB91725617711006BD6EC /* Presenter */ = {
			isa = PBXGroup;
			children = (
				146CB92E25617AB1006BD6EC /* ListPresenterTests.swift */,
			);
			path = Presenter;
			sourceTree = "<group>";
		};
		146CB919256177D8006BD6EC /* Model */ = {
			isa = PBXGroup;
			children = (
				146CB93625617D15006BD6EC /* TVShowModelTest.swift */,
			);
			path = Model;
			sourceTree = "<group>";
		};
		146CB93E25617F50006BD6EC /* Common */ = {
			isa = PBXGroup;
			children = (
				146CB93F25617F6C006BD6EC /* TestConstants.swift */,
			);
			path = Common;
			sourceTree = "<group>";
		};
		146CE97825604B76005802FA /* Extensions */ = {
			isa = PBXGroup;
			children = (
				146CE97925604B76005802FA /* Codable-Decodable+Extension.swift */,
				146CE97A25604B76005802FA /* UIViewController+Extension.swift */,
				146CE97B25604B76005802FA /* UIViewr+Extensions.swift */,
				146CE9E525604F36005802FA /* CoreLog+Extension.swift */,
				146CE9F8256053BE005802FA /* Nib+Extension.swift */,
			);
			path = Extensions;
			sourceTree = "<group>";
		};
		146CE97C25604B76005802FA /* Storage */ = {
			isa = PBXGroup;
			children = (
				146CE97D25604B76005802FA /* StorageManager.swift */,
				146CE97E25604B76005802FA /* CryptoKitStorageManager.swift */,
			);
			path = Storage;
			sourceTree = "<group>";
		};
		146CE98425604B77005802FA /* Remote */ = {
			isa = PBXGroup;
			children = (
				146CE9B225604CE6005802FA /* RemoteConfiguration.swift */,
				146CE9B525604CE6005802FA /* RemoteManager.swift */,
				146CE9B325604CE6005802FA /* Utils */,
			);
			path = Remote;
			sourceTree = "<group>";
		};
		146CE9A625604C6C005802FA /* Detail */ = {
			isa = PBXGroup;
			children = (
				146CEA2D25605D49005802FA /* View */,
			);
			path = Detail;
			sourceTree = "<group>";
		};
		146CE9B325604CE6005802FA /* Utils */ = {
			isa = PBXGroup;
			children = (
				146CE9B425604CE6005802FA /* HttpStatusCode.swift */,
			);
			path = Utils;
			sourceTree = "<group>";
		};
		146CE9BF25604D04005802FA /* Auth */ = {
			isa = PBXGroup;
			children = (
				146CE9C025604D18005802FA /* AuthConfiguration.swift */,
			);
			path = Auth;
			sourceTree = "<group>";
		};
		146CE9C525604D46005802FA /* Alias */ = {
			isa = PBXGroup;
			children = (
				146CE9C625604D53005802FA /* TypeAliases.swift */,
			);
			path = Alias;
			sourceTree = "<group>";
		};
		146CE9CE25604D74005802FA /* ErrorManager */ = {
			isa = PBXGroup;
			children = (
				146CE9CF25604D96005802FA /* BaseError.swift */,
				146CE9EA25605134005802FA /* ErrorManager.swift */,
				146CE9EF25605177005802FA /* NotificationsError+Extension.swift */,
			);
			path = ErrorManager;
			sourceTree = "<group>";
		};
		146CE9DC25604DED005802FA /* CoreLoging */ = {
			isa = PBXGroup;
			children = (
				146CE9DD25604DFD005802FA /* CoreLog.swift */,
			);
			path = CoreLoging;
			sourceTree = "<group>";
		};
		146CEA0C2560546D005802FA /* BaseView */ = {
			isa = PBXGroup;
			children = (
				146CEA0D2560548D005802FA /* BaseViewController.swift */,
			);
			path = BaseView;
			sourceTree = "<group>";
		};
		146CEA2C25605D3E005802FA /* View */ = {
			isa = PBXGroup;
			children = (
				146CEA3225605D89005802FA /* Cell */,
				14AB9D8025604094009F3A51 /* ListViewController.swift */,
				146CB8D92561508C006BD6EC /* BaseEmptyView.swift */,
			);
			path = View;
			sourceTree = "<group>";
		};
		146CEA2D25605D49005802FA /* View */ = {
			isa = PBXGroup;
			children = (
				146CE9A725604C7C005802FA /* DetailViewController.swift */,
			);
			path = View;
			sourceTree = "<group>";
		};
		146CEA2E25605D53005802FA /* Presenter */ = {
			isa = PBXGroup;
			children = (
				146CEA72256064A7005802FA /* ListPresenter.swift */,
			);
			path = Presenter;
			sourceTree = "<group>";
		};
		146CEA2F25605D5C005802FA /* UseCase */ = {
			isa = PBXGroup;
			children = (
				146CEA77256064B5005802FA /* ListUseCase.swift */,
			);
			path = UseCase;
			sourceTree = "<group>";
		};
		146CEA3025605D63005802FA /* Model */ = {
			isa = PBXGroup;
			children = (
				146CEA5B25605F90005802FA /* TVShowModel.swift */,
			);
			path = Model;
			sourceTree = "<group>";
		};
		146CEA3125605D6F005802FA /* DI */ = {
			isa = PBXGroup;
			children = (
				146CEA6D2560647B005802FA /* ListAssembly.swift */,
			);
			path = DI;
			sourceTree = "<group>";
		};
		146CEA3225605D89005802FA /* Cell */ = {
			isa = PBXGroup;
			children = (
				146CEA3425605DA4005802FA /* ResultTableViewCell.swift */,
			);
			path = Cell;
			sourceTree = "<group>";
		};
		146CEA7C25606550005802FA /* Repository */ = {
			isa = PBXGroup;
			children = (
				146CEA7D2560655F005802FA /* ListRepository.swift */,
			);
			path = Repository;
			sourceTree = "<group>";
		};
		146CEA85256084E5005802FA /* Endpoints */ = {
			isa = PBXGroup;
			children = (
				146CEA86256084F5005802FA /* Endpoints.swift */,
			);
			path = Endpoints;
			sourceTree = "<group>";
		};
		14D373A4255D9592006DAA65 = {
			isa = PBXGroup;
			children = (
				14D373AF255D9592006DAA65 /* ios-Technical-Test */,
				14D373C6255D9593006DAA65 /* ios-Technical-TestTests */,
				14D373D1255D9593006DAA65 /* ios-Technical-TestUITests */,
				14D373AE255D9592006DAA65 /* Products */,
				4CC15DBB3E21F374C591228C /* Pods */,
				E0B9888E1CD69E6BABC50FCF /* Frameworks */,
			);
			sourceTree = "<group>";
		};
		14D373AE255D9592006DAA65 /* Products */ = {
			isa = PBXGroup;
			children = (
				14D373AD255D9592006DAA65 /* ios-Technical-Test.app */,
				14D373C3255D9593006DAA65 /* ios-Technical-TestTests.xctest */,
				14D373CE255D9593006DAA65 /* ios-Technical-TestUITests.xctest */,
			);
			name = Products;
			sourceTree = "<group>";
		};
		14D373AF255D9592006DAA65 /* ios-Technical-Test */ = {
			isa = PBXGroup;
			children = (
				14D373BE255D9593006DAA65 /* Info.plist */,
				14013C422561173A0047F140 /* AppDelegate */,
				1421898D255EBCB600C99FD0 /* Resources */,
				1421898C255EBC9E00C99FD0 /* Source */,
			);
			path = "ios-Technical-Test";
			sourceTree = "<group>";
		};
		14D373C6255D9593006DAA65 /* ios-Technical-TestTests */ = {
			isa = PBXGroup;
			children = (
				14D373C9255D9593006DAA65 /* Info.plist */,
				146CB88125614744006BD6EC /* Mocks */,
				146CB8A52561490A006BD6EC /* Router */,
				14013C19256114980047F140 /* Source */,
			);
			path = "ios-Technical-TestTests";
			sourceTree = "<group>";
		};
		14D373D1255D9593006DAA65 /* ios-Technical-TestUITests */ = {
			isa = PBXGroup;
			children = (
				14D373D2255D9593006DAA65 /* ios_Technical_TestUITests.swift */,
				14D373D4255D9593006DAA65 /* Info.plist */,
			);
			path = "ios-Technical-TestUITests";
			sourceTree = "<group>";
		};
		4CC15DBB3E21F374C591228C /* Pods */ = {
			isa = PBXGroup;
			children = (
				03BFCA31DF5ABAFD50433D34 /* Pods-ios-Technical-Test.debug.xcconfig */,
				0CB6EC72658A96DDDAE63556 /* Pods-ios-Technical-Test.release.xcconfig */,
				894C78A88F70725BFC16827D /* Pods-ios-Technical-TestTests.debug.xcconfig */,
				9F35EC4F6AB57764FE9C38B6 /* Pods-ios-Technical-TestTests.release.xcconfig */,
				4104012457A0CF15B2DD5C72 /* Pods-ios-Technical-TestUITests.debug.xcconfig */,
				5A5B4A875D60B658E96398B3 /* Pods-ios-Technical-TestUITests.release.xcconfig */,
			);
			path = Pods;
			sourceTree = "<group>";
		};
		E0B9888E1CD69E6BABC50FCF /* Frameworks */ = {
			isa = PBXGroup;
			children = (
				9F21335818597F7762C18028 /* Pods_ios_Technical_Test.framework */,
				1F03FD0522793B816EA6853B /* Pods_ios_Technical_TestTests.framework */,
				1D3759C9A56D5C2478D8C8BE /* Pods_ios_Technical_TestUITests.framework */,
			);
			name = Frameworks;
			sourceTree = "<group>";
		};
/* End PBXGroup section */

/* Begin PBXNativeTarget section */
		14D373AC255D9592006DAA65 /* ios-Technical-Test */ = {
			isa = PBXNativeTarget;
			buildConfigurationList = 14D373D7255D9593006DAA65 /* Build configuration list for PBXNativeTarget "ios-Technical-Test" */;
			buildPhases = (
				A3D5594CF463A8994FDB468F /* [CP] Check Pods Manifest.lock */,
				14D373A9255D9592006DAA65 /* Sources */,
				14AB9D1C25603B22009F3A51 /* SwiftGen script */,
				14D373AA255D9592006DAA65 /* Frameworks */,
				14D373AB255D9592006DAA65 /* Resources */,
				A1116778F82C4929A24B8EE2 /* [CP] Embed Pods Frameworks */,
			);
			buildRules = (
			);
			dependencies = (
			);
			name = "ios-Technical-Test";
			productName = "ios-Technical-Test";
			productReference = 14D373AD255D9592006DAA65 /* ios-Technical-Test.app */;
			productType = "com.apple.product-type.application";
		};
		14D373C2255D9593006DAA65 /* ios-Technical-TestTests */ = {
			isa = PBXNativeTarget;
			buildConfigurationList = 14D373DA255D9593006DAA65 /* Build configuration list for PBXNativeTarget "ios-Technical-TestTests" */;
			buildPhases = (
				8FB59A1AC914BF7897F3B896 /* [CP] Check Pods Manifest.lock */,
				14D373BF255D9593006DAA65 /* Sources */,
				14D373C0255D9593006DAA65 /* Frameworks */,
				14D373C1255D9593006DAA65 /* Resources */,
				1756EF257889CEF2232B8679 /* [CP] Embed Pods Frameworks */,
			);
			buildRules = (
			);
			dependencies = (
				14D373C5255D9593006DAA65 /* PBXTargetDependency */,
			);
			name = "ios-Technical-TestTests";
			productName = "ios-Technical-TestTests";
			productReference = 14D373C3255D9593006DAA65 /* ios-Technical-TestTests.xctest */;
			productType = "com.apple.product-type.bundle.unit-test";
		};
		14D373CD255D9593006DAA65 /* ios-Technical-TestUITests */ = {
			isa = PBXNativeTarget;
			buildConfigurationList = 14D373DD255D9593006DAA65 /* Build configuration list for PBXNativeTarget "ios-Technical-TestUITests" */;
			buildPhases = (
				BDF29651374A753FEFCA9392 /* [CP] Check Pods Manifest.lock */,
				14D373CA255D9593006DAA65 /* Sources */,
				14D373CB255D9593006DAA65 /* Frameworks */,
				14D373CC255D9593006DAA65 /* Resources */,
				730D1FE5D325362E360D81A6 /* [CP] Embed Pods Frameworks */,
			);
			buildRules = (
			);
			dependencies = (
				14D373D0255D9593006DAA65 /* PBXTargetDependency */,
			);
			name = "ios-Technical-TestUITests";
			productName = "ios-Technical-TestUITests";
			productReference = 14D373CE255D9593006DAA65 /* ios-Technical-TestUITests.xctest */;
			productType = "com.apple.product-type.bundle.ui-testing";
		};
/* End PBXNativeTarget section */

/* Begin PBXProject section */
		14D373A5255D9592006DAA65 /* Project object */ = {
			isa = PBXProject;
			attributes = {
				LastSwiftUpdateCheck = 1210;
				LastUpgradeCheck = 1210;
				TargetAttributes = {
					14D373AC255D9592006DAA65 = {
						CreatedOnToolsVersion = 12.1;
					};
					14D373C2255D9593006DAA65 = {
						CreatedOnToolsVersion = 12.1;
						TestTargetID = 14D373AC255D9592006DAA65;
					};
					14D373CD255D9593006DAA65 = {
						CreatedOnToolsVersion = 12.1;
						TestTargetID = 14D373AC255D9592006DAA65;
					};
				};
			};
			buildConfigurationList = 14D373A8255D9592006DAA65 /* Build configuration list for PBXProject "ios-Technical-Test" */;
			compatibilityVersion = "Xcode 9.3";
			developmentRegion = en;
			hasScannedForEncodings = 0;
			knownRegions = (
				en,
				Base,
				es,
			);
			mainGroup = 14D373A4255D9592006DAA65;
			productRefGroup = 14D373AE255D9592006DAA65 /* Products */;
			projectDirPath = "";
			projectRoot = "";
			targets = (
				14D373AC255D9592006DAA65 /* ios-Technical-Test */,
				14D373C2255D9593006DAA65 /* ios-Technical-TestTests */,
				14D373CD255D9593006DAA65 /* ios-Technical-TestUITests */,
			);
		};
/* End PBXProject section */

/* Begin PBXResourcesBuildPhase section */
		14D373AB255D9592006DAA65 /* Resources */ = {
			isa = PBXResourcesBuildPhase;
			buildActionMask = 2147483647;
			files = (
				14AB9D5D25603EF4009F3A51 /* Gothamrnd-Bold.otf in Resources */,
				14AB9D6E25603FD3009F3A51 /* List.storyboard in Resources */,
				146CB95625618D16006BD6EC /* ResultTableViewCell.xib in Resources */,
				14AB9D5E25603EF4009F3A51 /* Gothamrnd-Book.otf in Resources */,
				14AB9D7425603FDC009F3A51 /* LaunchScreen.storyboard in Resources */,
				142189B9255EC9A300C99FD0 /* Localizable.strings in Resources */,
				142189B8255EC9A300C99FD0 /* Localizable.strings in Resources */,
				14AB9D5C25603EF4009F3A51 /* Gothamrnd-Light.otf in Resources */,
				14D373BA255D9593006DAA65 /* Assets.xcassets in Resources */,
				14AB9D5B25603EF4009F3A51 /* Gothamrnd-Medium.otf in Resources */,
				142189BE255EC9B400C99FD0 /* Colors.json in Resources */,
				146CB8D225614E62006BD6EC /* BaseEmptyView.xib in Resources */,
			);
			runOnlyForDeploymentPostprocessing = 0;
		};
		14D373C1255D9593006DAA65 /* Resources */ = {
			isa = PBXResourcesBuildPhase;
			buildActionMask = 2147483647;
			files = (
			);
			runOnlyForDeploymentPostprocessing = 0;
		};
		14D373CC255D9593006DAA65 /* Resources */ = {
			isa = PBXResourcesBuildPhase;
			buildActionMask = 2147483647;
			files = (
			);
			runOnlyForDeploymentPostprocessing = 0;
		};
/* End PBXResourcesBuildPhase section */

/* Begin PBXShellScriptBuildPhase section */
		14AB9D1C25603B22009F3A51 /* SwiftGen script */ = {
			isa = PBXShellScriptBuildPhase;
			buildActionMask = 2147483647;
			files = (
			);
			inputFileListPaths = (
			);
			inputPaths = (
			);
			name = "SwiftGen script";
			outputFileListPaths = (
			);
			outputPaths = (
			);
			runOnlyForDeploymentPostprocessing = 0;
			shellPath = /bin/sh;
			shellScript = "# Type a script or drag a script file from your workspace to insert its path.\nPods/SwiftGen/bin/swiftgen config run   \n";
		};
		1756EF257889CEF2232B8679 /* [CP] Embed Pods Frameworks */ = {
			isa = PBXShellScriptBuildPhase;
			buildActionMask = 2147483647;
			files = (
			);
			inputFileListPaths = (
				"${PODS_ROOT}/Target Support Files/Pods-ios-Technical-TestTests/Pods-ios-Technical-TestTests-frameworks-${CONFIGURATION}-input-files.xcfilelist",
			);
			name = "[CP] Embed Pods Frameworks";
			outputFileListPaths = (
				"${PODS_ROOT}/Target Support Files/Pods-ios-Technical-TestTests/Pods-ios-Technical-TestTests-frameworks-${CONFIGURATION}-output-files.xcfilelist",
			);
			runOnlyForDeploymentPostprocessing = 0;
			shellPath = /bin/sh;
			shellScript = "\"${PODS_ROOT}/Target Support Files/Pods-ios-Technical-TestTests/Pods-ios-Technical-TestTests-frameworks.sh\"\n";
			showEnvVarsInLog = 0;
		};
		730D1FE5D325362E360D81A6 /* [CP] Embed Pods Frameworks */ = {
			isa = PBXShellScriptBuildPhase;
			buildActionMask = 2147483647;
			files = (
			);
			inputFileListPaths = (
				"${PODS_ROOT}/Target Support Files/Pods-ios-Technical-TestUITests/Pods-ios-Technical-TestUITests-frameworks-${CONFIGURATION}-input-files.xcfilelist",
			);
			name = "[CP] Embed Pods Frameworks";
			outputFileListPaths = (
				"${PODS_ROOT}/Target Support Files/Pods-ios-Technical-TestUITests/Pods-ios-Technical-TestUITests-frameworks-${CONFIGURATION}-output-files.xcfilelist",
			);
			runOnlyForDeploymentPostprocessing = 0;
			shellPath = /bin/sh;
			shellScript = "\"${PODS_ROOT}/Target Support Files/Pods-ios-Technical-TestUITests/Pods-ios-Technical-TestUITests-frameworks.sh\"\n";
			showEnvVarsInLog = 0;
		};
		8FB59A1AC914BF7897F3B896 /* [CP] Check Pods Manifest.lock */ = {
			isa = PBXShellScriptBuildPhase;
			buildActionMask = 2147483647;
			files = (
			);
			inputFileListPaths = (
			);
			inputPaths = (
				"${PODS_PODFILE_DIR_PATH}/Podfile.lock",
				"${PODS_ROOT}/Manifest.lock",
			);
			name = "[CP] Check Pods Manifest.lock";
			outputFileListPaths = (
			);
			outputPaths = (
				"$(DERIVED_FILE_DIR)/Pods-ios-Technical-TestTests-checkManifestLockResult.txt",
			);
			runOnlyForDeploymentPostprocessing = 0;
			shellPath = /bin/sh;
			shellScript = "diff \"${PODS_PODFILE_DIR_PATH}/Podfile.lock\" \"${PODS_ROOT}/Manifest.lock\" > /dev/null\nif [ $? != 0 ] ; then\n    # print error to STDERR\n    echo \"error: The sandbox is not in sync with the Podfile.lock. Run 'pod install' or update your CocoaPods installation.\" >&2\n    exit 1\nfi\n# This output is used by Xcode 'outputs' to avoid re-running this script phase.\necho \"SUCCESS\" > \"${SCRIPT_OUTPUT_FILE_0}\"\n";
			showEnvVarsInLog = 0;
		};
		A1116778F82C4929A24B8EE2 /* [CP] Embed Pods Frameworks */ = {
			isa = PBXShellScriptBuildPhase;
			buildActionMask = 2147483647;
			files = (
			);
			inputFileListPaths = (
				"${PODS_ROOT}/Target Support Files/Pods-ios-Technical-Test/Pods-ios-Technical-Test-frameworks-${CONFIGURATION}-input-files.xcfilelist",
			);
			name = "[CP] Embed Pods Frameworks";
			outputFileListPaths = (
				"${PODS_ROOT}/Target Support Files/Pods-ios-Technical-Test/Pods-ios-Technical-Test-frameworks-${CONFIGURATION}-output-files.xcfilelist",
			);
			runOnlyForDeploymentPostprocessing = 0;
			shellPath = /bin/sh;
			shellScript = "\"${PODS_ROOT}/Target Support Files/Pods-ios-Technical-Test/Pods-ios-Technical-Test-frameworks.sh\"\n";
			showEnvVarsInLog = 0;
		};
		A3D5594CF463A8994FDB468F /* [CP] Check Pods Manifest.lock */ = {
			isa = PBXShellScriptBuildPhase;
			buildActionMask = 2147483647;
			files = (
			);
			inputFileListPaths = (
			);
			inputPaths = (
				"${PODS_PODFILE_DIR_PATH}/Podfile.lock",
				"${PODS_ROOT}/Manifest.lock",
			);
			name = "[CP] Check Pods Manifest.lock";
			outputFileListPaths = (
			);
			outputPaths = (
				"$(DERIVED_FILE_DIR)/Pods-ios-Technical-Test-checkManifestLockResult.txt",
			);
			runOnlyForDeploymentPostprocessing = 0;
			shellPath = /bin/sh;
			shellScript = "diff \"${PODS_PODFILE_DIR_PATH}/Podfile.lock\" \"${PODS_ROOT}/Manifest.lock\" > /dev/null\nif [ $? != 0 ] ; then\n    # print error to STDERR\n    echo \"error: The sandbox is not in sync with the Podfile.lock. Run 'pod install' or update your CocoaPods installation.\" >&2\n    exit 1\nfi\n# This output is used by Xcode 'outputs' to avoid re-running this script phase.\necho \"SUCCESS\" > \"${SCRIPT_OUTPUT_FILE_0}\"\n";
			showEnvVarsInLog = 0;
		};
		BDF29651374A753FEFCA9392 /* [CP] Check Pods Manifest.lock */ = {
			isa = PBXShellScriptBuildPhase;
			buildActionMask = 2147483647;
			files = (
			);
			inputFileListPaths = (
			);
			inputPaths = (
				"${PODS_PODFILE_DIR_PATH}/Podfile.lock",
				"${PODS_ROOT}/Manifest.lock",
			);
			name = "[CP] Check Pods Manifest.lock";
			outputFileListPaths = (
			);
			outputPaths = (
				"$(DERIVED_FILE_DIR)/Pods-ios-Technical-TestUITests-checkManifestLockResult.txt",
			);
			runOnlyForDeploymentPostprocessing = 0;
			shellPath = /bin/sh;
			shellScript = "diff \"${PODS_PODFILE_DIR_PATH}/Podfile.lock\" \"${PODS_ROOT}/Manifest.lock\" > /dev/null\nif [ $? != 0 ] ; then\n    # print error to STDERR\n    echo \"error: The sandbox is not in sync with the Podfile.lock. Run 'pod install' or update your CocoaPods installation.\" >&2\n    exit 1\nfi\n# This output is used by Xcode 'outputs' to avoid re-running this script phase.\necho \"SUCCESS\" > \"${SCRIPT_OUTPUT_FILE_0}\"\n";
			showEnvVarsInLog = 0;
		};
/* End PBXShellScriptBuildPhase section */

/* Begin PBXSourcesBuildPhase section */
		14D373A9255D9592006DAA65 /* Sources */ = {
			isa = PBXSourcesBuildPhase;
			buildActionMask = 2147483647;
			files = (
				146CB8E12561516F006BD6EC /* BaseEmptyView.swift in Sources */,
				146CE9DE25604DFD005802FA /* CoreLog.swift in Sources */,
				146CE9B725604CE6005802FA /* HttpStatusCode.swift in Sources */,
				142189AC255EC97800C99FD0 /* Fonts.swift in Sources */,
				142189AD255EC97800C99FD0 /* Scenes.swift in Sources */,
				146CE99025604B77005802FA /* StorageManager.swift in Sources */,
				146CEA9B256088BF005802FA /* SwinjectStoryboardExtension.swift in Sources */,
				142189AB255EC97800C99FD0 /* Images.swift in Sources */,
				146CE9D025604D96005802FA /* BaseError.swift in Sources */,
				146CE9F025605177005802FA /* NotificationsError+Extension.swift in Sources */,
				146CEA78256064B5005802FA /* ListUseCase.swift in Sources */,
				142189AA255EC97800C99FD0 /* Colors.swift in Sources */,
				146CEA9625608882005802FA /* Router.swift in Sources */,
				146CEA87256084F5005802FA /* Endpoints.swift in Sources */,
				146CEA7E2560655F005802FA /* ListRepository.swift in Sources */,
				146CEA73256064A7005802FA /* ListPresenter.swift in Sources */,
				146CE9C725604D53005802FA /* TypeAliases.swift in Sources */,
				146CE9A825604C7C005802FA /* DetailViewController.swift in Sources */,
				146CEA5C25605F90005802FA /* TVShowModel.swift in Sources */,
				146CB94025617F6C006BD6EC /* TestConstants.swift in Sources */,
				146CE9F9256053BF005802FA /* Nib+Extension.swift in Sources */,
				146CEA0E2560548D005802FA /* BaseViewController.swift in Sources */,
				146CE9B825604CE6005802FA /* RemoteManager.swift in Sources */,
				146CEA6E2560647B005802FA /* ListAssembly.swift in Sources */,
				142189AE255EC97800C99FD0 /* Strings.swift in Sources */,
				146CEA3525605DA4005802FA /* ResultTableViewCell.swift in Sources */,
				146CE9B625604CE6005802FA /* RemoteConfiguration.swift in Sources */,
				146CE98F25604B77005802FA /* UIViewr+Extensions.swift in Sources */,
				146CEAA92560892A005802FA /* CommonAssembly.swift in Sources */,
				146CEAA325608902005802FA /* SwinjectAssembler.swift in Sources */,
				146CE9E625604F36005802FA /* CoreLog+Extension.swift in Sources */,
				146CE9EB25605134005802FA /* ErrorManager.swift in Sources */,
				14AB9D8125604094009F3A51 /* ListViewController.swift in Sources */,
				14D373B1255D9592006DAA65 /* AppDelegate.swift in Sources */,
				146CE98E25604B77005802FA /* UIViewController+Extension.swift in Sources */,
				146CE98D25604B77005802FA /* Codable-Decodable+Extension.swift in Sources */,
				146CE9C125604D18005802FA /* AuthConfiguration.swift in Sources */,
				146CE99125604B77005802FA /* CryptoKitStorageManager.swift in Sources */,
			);
			runOnlyForDeploymentPostprocessing = 0;
		};
		14D373BF255D9593006DAA65 /* Sources */ = {
			isa = PBXSourcesBuildPhase;
			buildActionMask = 2147483647;
			files = (
				146CB8FA2561550A006BD6EC /* CoreLog+ProfessionalsTests.swift in Sources */,
				146CB88B25614778006BD6EC /* MockRemoteManager.swift in Sources */,
				146CB8C525614D8F006BD6EC /* TVShowEmptyViewTests.swift in Sources */,
				14D373C8255D9593006DAA65 /* Swinject+ListtTests.swift in Sources */,
				146CB8832561475F006BD6EC /* MockStorageManager.swift in Sources */,
				146CB92F25617AB1006BD6EC /* ListPresenterTests.swift in Sources */,
				146CB8A72561494F006BD6EC /* RouterTests.swift in Sources */,
				14013C4725611BE90047F140 /* AuthManagerTest.swift in Sources */,
				146CB8BC25614C92006BD6EC /* TVShowResultCollectionCelTVShowTests.swift in Sources */,
				146CB903256172E7006BD6EC /* StorageManagerTests.swift in Sources */,
				146CB93725617D15006BD6EC /* TVShowModelTest.swift in Sources */,
				146CB890256147A8006BD6EC /* TVShow+Mock.swift in Sources */,
				146CB92725617A97006BD6EC /* ListUseCaseTests.swift in Sources */,
				146CB8F92561550A006BD6EC /* Codable+ExtensionTests.swift in Sources */,
				146CB8B525614AE2006BD6EC /* ListViewControllerTests.swift in Sources */,
				146CB86425612A17006BD6EC /* GenericAlertsViewControllerTests.swift in Sources */,
			);
			runOnlyForDeploymentPostprocessing = 0;
		};
		14D373CA255D9593006DAA65 /* Sources */ = {
			isa = PBXSourcesBuildPhase;
			buildActionMask = 2147483647;
			files = (
				14D373D3255D9593006DAA65 /* ios_Technical_TestUITests.swift in Sources */,
			);
			runOnlyForDeploymentPostprocessing = 0;
		};
/* End PBXSourcesBuildPhase section */

/* Begin PBXTargetDependency section */
		14D373C5255D9593006DAA65 /* PBXTargetDependency */ = {
			isa = PBXTargetDependency;
			target = 14D373AC255D9592006DAA65 /* ios-Technical-Test */;
			targetProxy = 14D373C4255D9593006DAA65 /* PBXContainerItemProxy */;
		};
		14D373D0255D9593006DAA65 /* PBXTargetDependency */ = {
			isa = PBXTargetDependency;
			target = 14D373AC255D9592006DAA65 /* ios-Technical-Test */;
			targetProxy = 14D373CF255D9593006DAA65 /* PBXContainerItemProxy */;
		};
/* End PBXTargetDependency section */

/* Begin PBXVariantGroup section */
		142189B3255EC9A300C99FD0 /* Localizable.strings */ = {
			isa = PBXVariantGroup;
			children = (
				142189B4255EC9A300C99FD0 /* en */,
			);
			name = Localizable.strings;
			sourceTree = "<group>";
		};
		142189B6255EC9A300C99FD0 /* Localizable.strings */ = {
			isa = PBXVariantGroup;
			children = (
				142189B7255EC9A300C99FD0 /* es */,
			);
			name = Localizable.strings;
			sourceTree = "<group>";
		};
		14AB9D7225603FDC009F3A51 /* LaunchScreen.storyboard */ = {
			isa = PBXVariantGroup;
			children = (
				14AB9D7325603FDC009F3A51 /* Base */,
			);
			name = LaunchScreen.storyboard;
			sourceTree = "<group>";
		};
/* End PBXVariantGroup section */

/* Begin XCBuildConfiguration section */
		14D373D5255D9593006DAA65 /* Debug */ = {
			isa = XCBuildConfiguration;
			buildSettings = {
				ALWAYS_SEARCH_USER_PATHS = NO;
				CLANG_ANALYZER_NONNULL = YES;
				CLANG_ANALYZER_NUMBER_OBJECT_CONVERSION = YES_AGGRESSIVE;
				CLANG_CXX_LANGUAGE_STANDARD = "gnu++14";
				CLANG_CXX_LIBRARY = "libc++";
				CLANG_ENABLE_MODULES = YES;
				CLANG_ENABLE_OBJC_ARC = YES;
				CLANG_ENABLE_OBJC_WEAK = YES;
				CLANG_WARN_BLOCK_CAPTURE_AUTORELEASING = YES;
				CLANG_WARN_BOOL_CONVERSION = YES;
				CLANG_WARN_COMMA = YES;
				CLANG_WARN_CONSTANT_CONVERSION = YES;
				CLANG_WARN_DEPRECATED_OBJC_IMPLEMENTATIONS = YES;
				CLANG_WARN_DIRECT_OBJC_ISA_USAGE = YES_ERROR;
				CLANG_WARN_DOCUMENTATION_COMMENTS = YES;
				CLANG_WARN_EMPTY_BODY = YES;
				CLANG_WARN_ENUM_CONVERSION = YES;
				CLANG_WARN_INFINITE_RECURSION = YES;
				CLANG_WARN_INT_CONVERSION = YES;
				CLANG_WARN_NON_LITERAL_NULL_CONVERSION = YES;
				CLANG_WARN_OBJC_IMPLICIT_RETAIN_SELF = YES;
				CLANG_WARN_OBJC_LITERAL_CONVERSION = YES;
				CLANG_WARN_OBJC_ROOT_CLASS = YES_ERROR;
				CLANG_WARN_QUOTED_INCLUDE_IN_FRAMEWORK_HEADER = YES;
				CLANG_WARN_RANGE_LOOP_ANALYSIS = YES;
				CLANG_WARN_STRICT_PROTOTYPES = YES;
				CLANG_WARN_SUSPICIOUS_MOVE = YES;
				CLANG_WARN_UNGUARDED_AVAILABILITY = YES_AGGRESSIVE;
				CLANG_WARN_UNREACHABLE_CODE = YES;
				CLANG_WARN__DUPLICATE_METHOD_MATCH = YES;
				COPY_PHASE_STRIP = NO;
				DEBUG_INFORMATION_FORMAT = dwarf;
				ENABLE_STRICT_OBJC_MSGSEND = YES;
				ENABLE_TESTABILITY = YES;
				GCC_C_LANGUAGE_STANDARD = gnu11;
				GCC_DYNAMIC_NO_PIC = NO;
				GCC_NO_COMMON_BLOCKS = YES;
				GCC_OPTIMIZATION_LEVEL = 0;
				GCC_PREPROCESSOR_DEFINITIONS = (
					"DEBUG=1",
					"$(inherited)",
				);
				GCC_WARN_64_TO_32_BIT_CONVERSION = YES;
				GCC_WARN_ABOUT_RETURN_TYPE = YES_ERROR;
				GCC_WARN_UNDECLARED_SELECTOR = YES;
				GCC_WARN_UNINITIALIZED_AUTOS = YES_AGGRESSIVE;
				GCC_WARN_UNUSED_FUNCTION = YES;
				GCC_WARN_UNUSED_VARIABLE = YES;
				IPHONEOS_DEPLOYMENT_TARGET = 14.1;
				MTL_ENABLE_DEBUG_INFO = INCLUDE_SOURCE;
				MTL_FAST_MATH = YES;
				ONLY_ACTIVE_ARCH = YES;
				SDKROOT = iphoneos;
				SWIFT_ACTIVE_COMPILATION_CONDITIONS = DEBUG;
				SWIFT_OPTIMIZATION_LEVEL = "-Onone";
			};
			name = Debug;
		};
		14D373D6255D9593006DAA65 /* Release */ = {
			isa = XCBuildConfiguration;
			buildSettings = {
				ALWAYS_SEARCH_USER_PATHS = NO;
				CLANG_ANALYZER_NONNULL = YES;
				CLANG_ANALYZER_NUMBER_OBJECT_CONVERSION = YES_AGGRESSIVE;
				CLANG_CXX_LANGUAGE_STANDARD = "gnu++14";
				CLANG_CXX_LIBRARY = "libc++";
				CLANG_ENABLE_MODULES = YES;
				CLANG_ENABLE_OBJC_ARC = YES;
				CLANG_ENABLE_OBJC_WEAK = YES;
				CLANG_WARN_BLOCK_CAPTURE_AUTORELEASING = YES;
				CLANG_WARN_BOOL_CONVERSION = YES;
				CLANG_WARN_COMMA = YES;
				CLANG_WARN_CONSTANT_CONVERSION = YES;
				CLANG_WARN_DEPRECATED_OBJC_IMPLEMENTATIONS = YES;
				CLANG_WARN_DIRECT_OBJC_ISA_USAGE = YES_ERROR;
				CLANG_WARN_DOCUMENTATION_COMMENTS = YES;
				CLANG_WARN_EMPTY_BODY = YES;
				CLANG_WARN_ENUM_CONVERSION = YES;
				CLANG_WARN_INFINITE_RECURSION = YES;
				CLANG_WARN_INT_CONVERSION = YES;
				CLANG_WARN_NON_LITERAL_NULL_CONVERSION = YES;
				CLANG_WARN_OBJC_IMPLICIT_RETAIN_SELF = YES;
				CLANG_WARN_OBJC_LITERAL_CONVERSION = YES;
				CLANG_WARN_OBJC_ROOT_CLASS = YES_ERROR;
				CLANG_WARN_QUOTED_INCLUDE_IN_FRAMEWORK_HEADER = YES;
				CLANG_WARN_RANGE_LOOP_ANALYSIS = YES;
				CLANG_WARN_STRICT_PROTOTYPES = YES;
				CLANG_WARN_SUSPICIOUS_MOVE = YES;
				CLANG_WARN_UNGUARDED_AVAILABILITY = YES_AGGRESSIVE;
				CLANG_WARN_UNREACHABLE_CODE = YES;
				CLANG_WARN__DUPLICATE_METHOD_MATCH = YES;
				COPY_PHASE_STRIP = NO;
				DEBUG_INFORMATION_FORMAT = "dwarf-with-dsym";
				ENABLE_NS_ASSERTIONS = NO;
				ENABLE_STRICT_OBJC_MSGSEND = YES;
				GCC_C_LANGUAGE_STANDARD = gnu11;
				GCC_NO_COMMON_BLOCKS = YES;
				GCC_WARN_64_TO_32_BIT_CONVERSION = YES;
				GCC_WARN_ABOUT_RETURN_TYPE = YES_ERROR;
				GCC_WARN_UNDECLARED_SELECTOR = YES;
				GCC_WARN_UNINITIALIZED_AUTOS = YES_AGGRESSIVE;
				GCC_WARN_UNUSED_FUNCTION = YES;
				GCC_WARN_UNUSED_VARIABLE = YES;
				IPHONEOS_DEPLOYMENT_TARGET = 14.1;
				MTL_ENABLE_DEBUG_INFO = NO;
				MTL_FAST_MATH = YES;
				SDKROOT = iphoneos;
				SWIFT_COMPILATION_MODE = wholemodule;
				SWIFT_OPTIMIZATION_LEVEL = "-O";
				VALIDATE_PRODUCT = YES;
			};
			name = Release;
		};
		14D373D8255D9593006DAA65 /* Debug */ = {
			isa = XCBuildConfiguration;
			baseConfigurationReference = 03BFCA31DF5ABAFD50433D34 /* Pods-ios-Technical-Test.debug.xcconfig */;
			buildSettings = {
				ASSETCATALOG_COMPILER_APPICON_NAME = AppIcon;
				ASSETCATALOG_COMPILER_GLOBAL_ACCENT_COLOR_NAME = AccentColor;
				CODE_SIGN_STYLE = Automatic;
				DEVELOPMENT_TEAM = RK599T7KWJ;
				INFOPLIST_FILE = "ios-Technical-Test/Info.plist";
				LD_RUNPATH_SEARCH_PATHS = (
					"$(inherited)",
					"@executable_path/Frameworks",
				);
				PRODUCT_BUNDLE_IDENTIFIER = "com.promofarma.ios-Technical-Test.jordi.ios-Technical-Test";
				PRODUCT_NAME = "$(TARGET_NAME)";
				SWIFT_VERSION = 5.0;
				TARGETED_DEVICE_FAMILY = "1,2";
			};
			name = Debug;
		};
		14D373D9255D9593006DAA65 /* Release */ = {
			isa = XCBuildConfiguration;
			baseConfigurationReference = 0CB6EC72658A96DDDAE63556 /* Pods-ios-Technical-Test.release.xcconfig */;
			buildSettings = {
				ASSETCATALOG_COMPILER_APPICON_NAME = AppIcon;
				ASSETCATALOG_COMPILER_GLOBAL_ACCENT_COLOR_NAME = AccentColor;
				CODE_SIGN_STYLE = Automatic;
				DEVELOPMENT_TEAM = RK599T7KWJ;
				INFOPLIST_FILE = "ios-Technical-Test/Info.plist";
				LD_RUNPATH_SEARCH_PATHS = (
					"$(inherited)",
					"@executable_path/Frameworks",
				);
				PRODUCT_BUNDLE_IDENTIFIER = "com.promofarma.ios-Technical-Test.jordi.ios-Technical-Test";
				PRODUCT_NAME = "$(TARGET_NAME)";
				SWIFT_VERSION = 5.0;
				TARGETED_DEVICE_FAMILY = "1,2";
			};
			name = Release;
		};
		14D373DB255D9593006DAA65 /* Debug */ = {
			isa = XCBuildConfiguration;
			baseConfigurationReference = 894C78A88F70725BFC16827D /* Pods-ios-Technical-TestTests.debug.xcconfig */;
			buildSettings = {
				ALWAYS_EMBED_SWIFT_STANDARD_LIBRARIES = YES;
				BUNDLE_LOADER = "$(TEST_HOST)";
				CODE_SIGN_STYLE = Automatic;
				DEVELOPMENT_TEAM = RK599T7KWJ;
				INFOPLIST_FILE = "ios-Technical-TestTests/Info.plist";
				IPHONEOS_DEPLOYMENT_TARGET = 14.1;
				LD_RUNPATH_SEARCH_PATHS = (
					"$(inherited)",
					"@executable_path/Frameworks",
					"@loader_path/Frameworks",
				);
				PRODUCT_BUNDLE_IDENTIFIER = "com.promofarma.ios-Technical-Test.jordi.ios-Technical-TestTests";
				PRODUCT_NAME = "$(TARGET_NAME)";
				SWIFT_VERSION = 5.0;
				TARGETED_DEVICE_FAMILY = "1,2";
				TEST_HOST = "$(BUILT_PRODUCTS_DIR)/ios-Technical-Test.app/ios-Technical-Test";
			};
			name = Debug;
		};
		14D373DC255D9593006DAA65 /* Release */ = {
			isa = XCBuildConfiguration;
			baseConfigurationReference = 9F35EC4F6AB57764FE9C38B6 /* Pods-ios-Technical-TestTests.release.xcconfig */;
			buildSettings = {
				ALWAYS_EMBED_SWIFT_STANDARD_LIBRARIES = YES;
				BUNDLE_LOADER = "$(TEST_HOST)";
				CODE_SIGN_STYLE = Automatic;
				DEVELOPMENT_TEAM = RK599T7KWJ;
				INFOPLIST_FILE = "ios-Technical-TestTests/Info.plist";
				IPHONEOS_DEPLOYMENT_TARGET = 14.1;
				LD_RUNPATH_SEARCH_PATHS = (
					"$(inherited)",
					"@executable_path/Frameworks",
					"@loader_path/Frameworks",
				);
				PRODUCT_BUNDLE_IDENTIFIER = "com.promofarma.ios-Technical-Test.jordi.ios-Technical-TestTests";
				PRODUCT_NAME = "$(TARGET_NAME)";
				SWIFT_VERSION = 5.0;
				TARGETED_DEVICE_FAMILY = "1,2";
				TEST_HOST = "$(BUILT_PRODUCTS_DIR)/ios-Technical-Test.app/ios-Technical-Test";
			};
			name = Release;
		};
		14D373DE255D9593006DAA65 /* Debug */ = {
			isa = XCBuildConfiguration;
			baseConfigurationReference = 4104012457A0CF15B2DD5C72 /* Pods-ios-Technical-TestUITests.debug.xcconfig */;
			buildSettings = {
				ALWAYS_EMBED_SWIFT_STANDARD_LIBRARIES = YES;
				CODE_SIGN_STYLE = Automatic;
				DEVELOPMENT_TEAM = RK599T7KWJ;
				INFOPLIST_FILE = "ios-Technical-TestUITests/Info.plist";
				LD_RUNPATH_SEARCH_PATHS = (
					"$(inherited)",
					"@executable_path/Frameworks",
					"@loader_path/Frameworks",
				);
				PRODUCT_BUNDLE_IDENTIFIER = "com.promofarma.ios-Technical-Test.jordi.ios-Technical-TestUITests";
				PRODUCT_NAME = "$(TARGET_NAME)";
				SWIFT_VERSION = 5.0;
				TARGETED_DEVICE_FAMILY = "1,2";
				TEST_TARGET_NAME = "ios-Technical-Test";
			};
			name = Debug;
		};
		14D373DF255D9593006DAA65 /* Release */ = {
			isa = XCBuildConfiguration;
			baseConfigurationReference = 5A5B4A875D60B658E96398B3 /* Pods-ios-Technical-TestUITests.release.xcconfig */;
			buildSettings = {
				ALWAYS_EMBED_SWIFT_STANDARD_LIBRARIES = YES;
				CODE_SIGN_STYLE = Automatic;
				DEVELOPMENT_TEAM = RK599T7KWJ;
				INFOPLIST_FILE = "ios-Technical-TestUITests/Info.plist";
				LD_RUNPATH_SEARCH_PATHS = (
					"$(inherited)",
					"@executable_path/Frameworks",
					"@loader_path/Frameworks",
				);
				PRODUCT_BUNDLE_IDENTIFIER = "com.promofarma.ios-Technical-Test.jordi.ios-Technical-TestUITests";
				PRODUCT_NAME = "$(TARGET_NAME)";
				SWIFT_VERSION = 5.0;
				TARGETED_DEVICE_FAMILY = "1,2";
				TEST_TARGET_NAME = "ios-Technical-Test";
			};
			name = Release;
		};
/* End XCBuildConfiguration section */

/* Begin XCConfigurationList section */
		14D373A8255D9592006DAA65 /* Build configuration list for PBXProject "ios-Technical-Test" */ = {
			isa = XCConfigurationList;
			buildConfigurations = (
				14D373D5255D9593006DAA65 /* Debug */,
				14D373D6255D9593006DAA65 /* Release */,
			);
			defaultConfigurationIsVisible = 0;
			defaultConfigurationName = Release;
		};
		14D373D7255D9593006DAA65 /* Build configuration list for PBXNativeTarget "ios-Technical-Test" */ = {
			isa = XCConfigurationList;
			buildConfigurations = (
				14D373D8255D9593006DAA65 /* Debug */,
				14D373D9255D9593006DAA65 /* Release */,
			);
			defaultConfigurationIsVisible = 0;
			defaultConfigurationName = Release;
		};
		14D373DA255D9593006DAA65 /* Build configuration list for PBXNativeTarget "ios-Technical-TestTests" */ = {
			isa = XCConfigurationList;
			buildConfigurations = (
				14D373DB255D9593006DAA65 /* Debug */,
				14D373DC255D9593006DAA65 /* Release */,
			);
			defaultConfigurationIsVisible = 0;
			defaultConfigurationName = Release;
		};
		14D373DD255D9593006DAA65 /* Build configuration list for PBXNativeTarget "ios-Technical-TestUITests" */ = {
			isa = XCConfigurationList;
			buildConfigurations = (
				14D373DE255D9593006DAA65 /* Debug */,
				14D373DF255D9593006DAA65 /* Release */,
			);
			defaultConfigurationIsVisible = 0;
			defaultConfigurationName = Release;
		};
/* End XCConfigurationList section */
	};
	rootObject = 14D373A5255D9592006DAA65 /* Project object */;
}
